
Microsoft Visual Studio Solution File, Format Version 12.00
# Visual Studio Version 16
VisualStudioVersion = 16.0.29123.88
MinimumVisualStudioVersion = 10.0.40219.1
Project("{FAE04EC0-301F-11D3-BF4B-00C04F79EFBC}") = "BTCB_b7", "BTCB_b7\BTCB_b7.csproj", "{9B29D519-746D-4029-9291-23187192BE14}"
EndProject
Global
	GlobalSection(SolutionConfigurationPlatforms) = preSolution
		Debug|Any CPU = Debug|Any CPU
		Release|Any CPU = Release|Any CPU
	EndGlobalSection
	GlobalSection(ProjectConfigurationPlatforms) = postSolution
		{9B29D519-746D-4029-9291-23187192BE14}.Debug|Any CPU.ActiveCfg = Debug|Any CPU
		{9B29D519-746D-4029-9291-23187192BE14}.Debug|Any CPU.Build.0 = Debug|Any CPU
		{9B29D519-746D-4029-9291-23187192BE14}.Release|Any CPU.ActiveCfg = Release|Any CPU
		{9B29D519-746D-4029-9291-23187192BE14}.Release|Any CPU.Build.0 = Release|Any CPU
	EndGlobalSection
	GlobalSection(SolutionProperties) = preSolution
		HideSolutionNode = FALSE
	EndGlobalSection
	GlobalSection(ExtensibilityGlobals) = postSolution
		SolutionGuid = {EDA0E3CE-8F2A-41A4-B2B0-FAE59B44B3A4}
	EndGlobalSection
EndGlobal
