
Microsoft Visual Studio Solution File, Format Version 12.00
# Visual Studio Version 16
VisualStudioVersion = 16.0.29123.88
MinimumVisualStudioVersion = 10.0.40219.1
Project("{FAE04EC0-301F-11D3-BF4B-00C04F79EFBC}") = "BTCB_b11", "BTCB_b11\BTCB_b11.csproj", "{FD3DE106-0940-4CED-9B1F-3F1D264C8594}"
EndProject
Global
	GlobalSection(SolutionConfigurationPlatforms) = preSolution
		Debug|Any CPU = Debug|Any CPU
		Release|Any CPU = Release|Any CPU
	EndGlobalSection
	GlobalSection(ProjectConfigurationPlatforms) = postSolution
		{FD3DE106-0940-4CED-9B1F-3F1D264C8594}.Debug|Any CPU.ActiveCfg = Debug|Any CPU
		{FD3DE106-0940-4CED-9B1F-3F1D264C8594}.Debug|Any CPU.Build.0 = Debug|Any CPU
		{FD3DE106-0940-4CED-9B1F-3F1D264C8594}.Release|Any CPU.ActiveCfg = Release|Any CPU
		{FD3DE106-0940-4CED-9B1F-3F1D264C8594}.Release|Any CPU.Build.0 = Release|Any CPU
	EndGlobalSection
	GlobalSection(SolutionProperties) = preSolution
		HideSolutionNode = FALSE
	EndGlobalSection
	GlobalSection(ExtensibilityGlobals) = postSolution
		SolutionGuid = {688785EA-F413-4040-940D-EE3F663D45BC}
	EndGlobalSection
EndGlobal
