
Microsoft Visual Studio Solution File, Format Version 12.00
# Visual Studio Version 16
VisualStudioVersion = 16.0.29123.88
MinimumVisualStudioVersion = 10.0.40219.1
Project("{FAE04EC0-301F-11D3-BF4B-00C04F79EFBC}") = "BTCB_b13", "BTCB_b13\BTCB_b13.csproj", "{DF27D563-34F7-42A0-90F3-425215B1AF5C}"
EndProject
Global
	GlobalSection(SolutionConfigurationPlatforms) = preSolution
		Debug|Any CPU = Debug|Any CPU
		Release|Any CPU = Release|Any CPU
	EndGlobalSection
	GlobalSection(ProjectConfigurationPlatforms) = postSolution
		{DF27D563-34F7-42A0-90F3-425215B1AF5C}.Debug|Any CPU.ActiveCfg = Debug|Any CPU
		{DF27D563-34F7-42A0-90F3-425215B1AF5C}.Debug|Any CPU.Build.0 = Debug|Any CPU
		{DF27D563-34F7-42A0-90F3-425215B1AF5C}.Release|Any CPU.ActiveCfg = Release|Any CPU
		{DF27D563-34F7-42A0-90F3-425215B1AF5C}.Release|Any CPU.Build.0 = Release|Any CPU
	EndGlobalSection
	GlobalSection(SolutionProperties) = preSolution
		HideSolutionNode = FALSE
	EndGlobalSection
	GlobalSection(ExtensibilityGlobals) = postSolution
		SolutionGuid = {9DA04458-79BB-49A4-91F0-53C85BC49F13}
	EndGlobalSection
EndGlobal
